{
  "name": "hedge-example-aws",
  "version": "1.0.0",
  "lockfileVersion": 1,
  "requires": true,
  "dependencies": {
    "leftpad": {
      "version": "0.0.1",
      "resolved": "https://registry.npmjs.org/leftpad/-/leftpad-0.0.1.tgz",
      "integrity": "sha1-hrGk3k+s4YCsVFqD8VA1I9j+0RU="
    },
    "serverless-hedge-plugin": {
      "version": "0.0.1",
      "dev": true,
      "requires": {
        "bluebird": "3.5.1",
        "fs-extra": "5.0.0",
        "jsedn": "0.4.1",
        "lodash": "4.17.4"
      },
      "dependencies": {
        "bluebird": {
          "version": "3.5.1",
          "bundled": true,
          "dev": true
        },
        "commander": {
          "version": "2.12.2",
          "bundled": true,
          "dev": true
        },
        "equals": {
          "version": "1.0.5",
          "bundled": true,
          "dev": true,
          "requires": {
            "jkroso-type": "1.1.1"
          }
        },
        "fs-extra": {
          "version": "5.0.0",
          "bundled": true,
          "dev": true,
          "requires": {
            "graceful-fs": "4.1.11",
            "jsonfile": "4.0.0",
            "universalify": "0.1.1"
          }
        },
        "graceful-fs": {
          "version": "4.1.11",
          "bundled": true,
          "dev": true
        },
        "jkroso-type": {
          "version": "1.1.1",
          "bundled": true,
          "dev": true
        },
        "jsedn": {
          "version": "0.4.1",
          "bundled": true,
          "dev": true,
          "requires": {
            "commander": "2.12.2",
            "equals": "1.0.5",
            "type-component": "0.0.1"
          }
        },
        "jsonfile": {
          "version": "4.0.0",
          "bundled": true,
          "dev": true,
          "requires": {
            "graceful-fs": "4.1.11"
          }
        },
        "lodash": {
          "version": "4.17.4",
          "bundled": true,
          "dev": true
        },
        "type-component": {
          "version": "0.0.1",
          "bundled": true,
          "dev": true
        },
        "universalify": {
          "version": "0.1.1",
          "bundled": true,
          "dev": true
        }
      }
    },
    "xhr2": {
      "version": "0.1.4",
      "resolved": "https://registry.npmjs.org/xhr2/-/xhr2-0.1.4.tgz",
      "integrity": "sha1-f4dliEdxbbUCYyOBL4GMras4el8="
    }
  }
}
